// !$*UTF8*$!
{
	archiveVersion = 1;
	classes = {
	};
	objectVersion = 56;
	objects = {

/* Begin PBXBuildFile section */
		752680E7295E8F42007A25F2 /* RepositioryViewController.swift in Sources */ = {isa = PBXBuildFile; fileRef = 752680E6295E8F42007A25F2 /* RepositioryViewController.swift */; };
		752680E9295EB06B007A25F2 /* RepositorySevice.swift in Sources */ = {isa = PBXBuildFile; fileRef = 752680E8295EB06B007A25F2 /* RepositorySevice.swift */; };
		75ABB2F92949A02700EF4100 /* AppDelegate.swift in Sources */ = {isa = PBXBuildFile; fileRef = 75ABB2F82949A02700EF4100 /* AppDelegate.swift */; };
		75ABB2FB2949A02700EF4100 /* SceneDelegate.swift in Sources */ = {isa = PBXBuildFile; fileRef = 75ABB2FA2949A02700EF4100 /* SceneDelegate.swift */; };
		75ABB2FD2949A02700EF4100 /* ViewController.swift in Sources */ = {isa = PBXBuildFile; fileRef = 75ABB2FC2949A02700EF4100 /* ViewController.swift */; };
		75ABB3002949A02700EF4100 /* Main.storyboard in Resources */ = {isa = PBXBuildFile; fileRef = 75ABB2FE2949A02700EF4100 /* Main.storyboard */; };
		75ABB3022949A02800EF4100 /* Assets.xcassets in Resources */ = {isa = PBXBuildFile; fileRef = 75ABB3012949A02800EF4100 /* Assets.xcassets */; };
		75ABB3052949A02800EF4100 /* LaunchScreen.storyboard in Resources */ = {isa = PBXBuildFile; fileRef = 75ABB3032949A02800EF4100 /* LaunchScreen.storyboard */; };
		75E7BBC5295D3B5200212051 /* Provider.swift in Sources */ = {isa = PBXBuildFile; fileRef = 75E7BBC4295D3B5200212051 /* Provider.swift */; };
		75E7BBC7295D3F7F00212051 /* Repositories.swift in Sources */ = {isa = PBXBuildFile; fileRef = 75E7BBC6295D3F7F00212051 /* Repositories.swift */; };
		75E7BBC9295D410500212051 /* RepositoryViewModel.swift in Sources */ = {isa = PBXBuildFile; fileRef = 75E7BBC8295D410500212051 /* RepositoryViewModel.swift */; };
		75FCEA71295BEE5500DA9F6E /* DatePickerViewController.swift in Sources */ = {isa = PBXBuildFile; fileRef = 75FCEA70295BEE5500DA9F6E /* DatePickerViewController.swift */; };
		75FCEA73295C0BA200DA9F6E /* Operators.swift in Sources */ = {isa = PBXBuildFile; fileRef = 75FCEA72295C0BA200DA9F6E /* Operators.swift */; };
		DA8B39D1AECA40658A81A003 /* Pods_RxSwiftOperator.framework in Frameworks */ = {isa = PBXBuildFile; fileRef = 9CB87E88B77173241906DD27 /* Pods_RxSwiftOperator.framework */; };
/* End PBXBuildFile section */

/* Begin PBXFileReference section */
		752680E6295E8F42007A25F2 /* RepositioryViewController.swift */ = {isa = PBXFileReference; lastKnownFileType = sourcecode.swift; path = RepositioryViewController.swift; sourceTree = "<group>"; };
		752680E8295EB06B007A25F2 /* RepositorySevice.swift */ = {isa = PBXFileReference; lastKnownFileType = sourcecode.swift; path = RepositorySevice.swift; sourceTree = "<group>"; };
		75ABB2F52949A02700EF4100 /* RxSwiftOperator.app */ = {isa = PBXFileReference; explicitFileType = wrapper.application; includeInIndex = 0; path = RxSwiftOperator.app; sourceTree = BUILT_PRODUCTS_DIR; };
		75ABB2F82949A02700EF4100 /* AppDelegate.swift */ = {isa = PBXFileReference; lastKnownFileType = sourcecode.swift; path = AppDelegate.swift; sourceTree = "<group>"; };
		75ABB2FA2949A02700EF4100 /* SceneDelegate.swift */ = {isa = PBXFileReference; lastKnownFileType = sourcecode.swift; path = SceneDelegate.swift; sourceTree = "<group>"; };
		75ABB2FC2949A02700EF4100 /* ViewController.swift */ = {isa = PBXFileReference; lastKnownFileType = sourcecode.swift; path = ViewController.swift; sourceTree = "<group>"; };
		75ABB2FF2949A02700EF4100 /* Base */ = {isa = PBXFileReference; lastKnownFileType = file.storyboard; name = Base; path = Base.lproj/Main.storyboard; sourceTree = "<group>"; };
		75ABB3012949A02800EF4100 /* Assets.xcassets */ = {isa = PBXFileReference; lastKnownFileType = folder.assetcatalog; path = Assets.xcassets; sourceTree = "<group>"; };
		75ABB3042949A02800EF4100 /* Base */ = {isa = PBXFileReference; lastKnownFileType = file.storyboard; name = Base; path = Base.lproj/LaunchScreen.storyboard; sourceTree = "<group>"; };
		75ABB3062949A02800EF4100 /* Info.plist */ = {isa = PBXFileReference; lastKnownFileType = text.plist.xml; path = Info.plist; sourceTree = "<group>"; };
		75ABB30C2949A46D00EF4100 /* operator.playground */ = {isa = PBXFileReference; lastKnownFileType = file.playground; path = operator.playground; sourceTree = "<group>"; xcLanguageSpecificationIdentifier = xcode.lang.swift; };
		75E7BBC4295D3B5200212051 /* Provider.swift */ = {isa = PBXFileReference; lastKnownFileType = sourcecode.swift; path = Provider.swift; sourceTree = "<group>"; };
		75E7BBC6295D3F7F00212051 /* Repositories.swift */ = {isa = PBXFileReference; lastKnownFileType = sourcecode.swift; path = Repositories.swift; sourceTree = "<group>"; };
		75E7BBC8295D410500212051 /* RepositoryViewModel.swift */ = {isa = PBXFileReference; lastKnownFileType = sourcecode.swift; path = RepositoryViewModel.swift; sourceTree = "<group>"; };
		75FCEA70295BEE5500DA9F6E /* DatePickerViewController.swift */ = {isa = PBXFileReference; lastKnownFileType = sourcecode.swift; path = DatePickerViewController.swift; sourceTree = "<group>"; };
		75FCEA72295C0BA200DA9F6E /* Operators.swift */ = {isa = PBXFileReference; fileEncoding = 4; lastKnownFileType = sourcecode.swift; path = Operators.swift; sourceTree = "<group>"; };
		8F13F0BCA54726B49995144C /* Pods-RxSwiftOperator.debug.xcconfig */ = {isa = PBXFileReference; includeInIndex = 1; lastKnownFileType = text.xcconfig; name = "Pods-RxSwiftOperator.debug.xcconfig"; path = "Target Support Files/Pods-RxSwiftOperator/Pods-RxSwiftOperator.debug.xcconfig"; sourceTree = "<group>"; };
		9CB87E88B77173241906DD27 /* Pods_RxSwiftOperator.framework */ = {isa = PBXFileReference; explicitFileType = wrapper.framework; includeInIndex = 0; path = Pods_RxSwiftOperator.framework; sourceTree = BUILT_PRODUCTS_DIR; };
		E61D21EC4A43B9D9B637E4C3 /* Pods-RxSwiftOperator.release.xcconfig */ = {isa = PBXFileReference; includeInIndex = 1; lastKnownFileType = text.xcconfig; name = "Pods-RxSwiftOperator.release.xcconfig"; path = "Target Support Files/Pods-RxSwiftOperator/Pods-RxSwiftOperator.release.xcconfig"; sourceTree = "<group>"; };
/* End PBXFileReference section */

/* Begin PBXFrameworksBuildPhase section */
		75ABB2F22949A02700EF4100 /* Frameworks */ = {
			isa = PBXFrameworksBuildPhase;
			buildActionMask = 2147483647;
			files = (
				DA8B39D1AECA40658A81A003 /* Pods_RxSwiftOperator.framework in Frameworks */,
			);
			runOnlyForDeploymentPostprocessing = 0;
		};
/* End PBXFrameworksBuildPhase section */

/* Begin PBXGroup section */
		75ABB2EC2949A02700EF4100 = {
			isa = PBXGroup;
			children = (
				75ABB2F72949A02700EF4100 /* RxSwiftOperator */,
				75ABB2F62949A02700EF4100 /* Products */,
				DC46C9DAF25930D1C0FBD23E /* Pods */,
				F2A5D42508A8FE6981ABD1E5 /* Frameworks */,
			);
			sourceTree = "<group>";
		};
		75ABB2F62949A02700EF4100 /* Products */ = {
			isa = PBXGroup;
			children = (
				75ABB2F52949A02700EF4100 /* RxSwiftOperator.app */,
			);
			name = Products;
			sourceTree = "<group>";
		};
		75ABB2F72949A02700EF4100 /* RxSwiftOperator */ = {
			isa = PBXGroup;
			children = (
				75E7BBC3295D3A5D00212051 /* Servers */,
				75FCEA72295C0BA200DA9F6E /* Operators.swift */,
				75ABB2F82949A02700EF4100 /* AppDelegate.swift */,
				75ABB2FA2949A02700EF4100 /* SceneDelegate.swift */,
				75ABB2FC2949A02700EF4100 /* ViewController.swift */,
				75FCEA70295BEE5500DA9F6E /* DatePickerViewController.swift */,
				75E7BBBF295D3A0A00212051 /* MVVM */,
				75ABB2FE2949A02700EF4100 /* Main.storyboard */,
				75ABB3012949A02800EF4100 /* Assets.xcassets */,
				75ABB3032949A02800EF4100 /* LaunchScreen.storyboard */,
				75ABB3062949A02800EF4100 /* Info.plist */,
				75ABB30C2949A46D00EF4100 /* operator.playground */,
			);
			path = RxSwiftOperator;
			sourceTree = "<group>";
		};
		75E7BBBF295D3A0A00212051 /* MVVM */ = {
			isa = PBXGroup;
			children = (
				75E7BBC2295D3A4000212051 /* Views */,
				75E7BBC1295D3A3200212051 /* ViewModel */,
				75E7BBC0295D3A1F00212051 /* Controllers */,
			);
			path = MVVM;
			sourceTree = "<group>";
		};
		75E7BBC0295D3A1F00212051 /* Controllers */ = {
			isa = PBXGroup;
			children = (
				752680E6295E8F42007A25F2 /* RepositioryViewController.swift */,
			);
			path = Controllers;
			sourceTree = "<group>";
		};
		75E7BBC1295D3A3200212051 /* ViewModel */ = {
			isa = PBXGroup;
			children = (
				75E7BBC6295D3F7F00212051 /* Repositories.swift */,
				75E7BBC8295D410500212051 /* RepositoryViewModel.swift */,
				752680E8295EB06B007A25F2 /* RepositorySevice.swift */,
			);
			path = ViewModel;
			sourceTree = "<group>";
		};
		75E7BBC2295D3A4000212051 /* Views */ = {
			isa = PBXGroup;
			children = (
			);
			path = Views;
			sourceTree = "<group>";
		};
		75E7BBC3295D3A5D00212051 /* Servers */ = {
			isa = PBXGroup;
			children = (
				75E7BBC4295D3B5200212051 /* Provider.swift */,
			);
			path = Servers;
			sourceTree = "<group>";
		};
		DC46C9DAF25930D1C0FBD23E /* Pods */ = {
			isa = PBXGroup;
			children = (
				8F13F0BCA54726B49995144C /* Pods-RxSwiftOperator.debug.xcconfig */,
				E61D21EC4A43B9D9B637E4C3 /* Pods-RxSwiftOperator.release.xcconfig */,
			);
			path = Pods;
			sourceTree = "<group>";
		};
		F2A5D42508A8FE6981ABD1E5 /* Frameworks */ = {
			isa = PBXGroup;
			children = (
				9CB87E88B77173241906DD27 /* Pods_RxSwiftOperator.framework */,
			);
			name = Frameworks;
			sourceTree = "<group>";
		};
/* End PBXGroup section */

/* Begin PBXNativeTarget section */
		75ABB2F42949A02700EF4100 /* RxSwiftOperator */ = {
			isa = PBXNativeTarget;
			buildConfigurationList = 75ABB3092949A02800EF4100 /* Build configuration list for PBXNativeTarget "RxSwiftOperator" */;
			buildPhases = (
				A10C635C6D9BAD8C2EE386FD /* [CP] Check Pods Manifest.lock */,
				75ABB2F12949A02700EF4100 /* Sources */,
				75ABB2F22949A02700EF4100 /* Frameworks */,
				75ABB2F32949A02700EF4100 /* Resources */,
				D98A3970BA725C0872ABBFC3 /* [CP] Embed Pods Frameworks */,
			);
			buildRules = (
			);
			dependencies = (
			);
			name = RxSwiftOperator;
			productName = RxSwiftOperator;
			productReference = 75ABB2F52949A02700EF4100 /* RxSwiftOperator.app */;
			productType = "com.apple.product-type.application";
		};
/* End PBXNativeTarget section */

/* Begin PBXProject section */
		75ABB2ED2949A02700EF4100 /* Project object */ = {
			isa = PBXProject;
			attributes = {
				BuildIndependentTargetsInParallel = 1;
				LastSwiftUpdateCheck = 1410;
				LastUpgradeCheck = 1410;
				TargetAttributes = {
					75ABB2F42949A02700EF4100 = {
						CreatedOnToolsVersion = 14.1;
					};
				};
			};
			buildConfigurationList = 75ABB2F02949A02700EF4100 /* Build configuration list for PBXProject "RxSwiftOperator" */;
			compatibilityVersion = "Xcode 14.0";
			developmentRegion = en;
			hasScannedForEncodings = 0;
			knownRegions = (
				en,
				Base,
			);
			mainGroup = 75ABB2EC2949A02700EF4100;
			productRefGroup = 75ABB2F62949A02700EF4100 /* Products */;
			projectDirPath = "";
			projectRoot = "";
			targets = (
				75ABB2F42949A02700EF4100 /* RxSwiftOperator */,
			);
		};
/* End PBXProject section */

/* Begin PBXResourcesBuildPhase section */
		75ABB2F32949A02700EF4100 /* Resources */ = {
			isa = PBXResourcesBuildPhase;
			buildActionMask = 2147483647;
			files = (
				75ABB3052949A02800EF4100 /* LaunchScreen.storyboard in Resources */,
				75ABB3022949A02800EF4100 /* Assets.xcassets in Resources */,
				75ABB3002949A02700EF4100 /* Main.storyboard in Resources */,
			);
			runOnlyForDeploymentPostprocessing = 0;
		};
/* End PBXResourcesBuildPhase section */

/* Begin PBXShellScriptBuildPhase section */
		A10C635C6D9BAD8C2EE386FD /* [CP] Check Pods Manifest.lock */ = {
			isa = PBXShellScriptBuildPhase;
			buildActionMask = 2147483647;
			files = (
			);
			inputFileListPaths = (
			);
			inputPaths = (
				"${PODS_PODFILE_DIR_PATH}/Podfile.lock",
				"${PODS_ROOT}/Manifest.lock",
			);
			name = "[CP] Check Pods Manifest.lock";
			outputFileListPaths = (
			);
			outputPaths = (
				"$(DERIVED_FILE_DIR)/Pods-RxSwiftOperator-checkManifestLockResult.txt",
			);
			runOnlyForDeploymentPostprocessing = 0;
			shellPath = /bin/sh;
			shellScript = "diff \"${PODS_PODFILE_DIR_PATH}/Podfile.lock\" \"${PODS_ROOT}/Manifest.lock\" > /dev/null\nif [ $? != 0 ] ; then\n    # print error to STDERR\n    echo \"error: The sandbox is not in sync with the Podfile.lock. Run 'pod install' or update your CocoaPods installation.\" >&2\n    exit 1\nfi\n# This output is used by Xcode 'outputs' to avoid re-running this script phase.\necho \"SUCCESS\" > \"${SCRIPT_OUTPUT_FILE_0}\"\n";
			showEnvVarsInLog = 0;
		};
		D98A3970BA725C0872ABBFC3 /* [CP] Embed Pods Frameworks */ = {
			isa = PBXShellScriptBuildPhase;
			buildActionMask = 2147483647;
			files = (
			);
			inputFileListPaths = (
				"${PODS_ROOT}/Target Support Files/Pods-RxSwiftOperator/Pods-RxSwiftOperator-frameworks-${CONFIGURATION}-input-files.xcfilelist",
			);
			name = "[CP] Embed Pods Frameworks";
			outputFileListPaths = (
				"${PODS_ROOT}/Target Support Files/Pods-RxSwiftOperator/Pods-RxSwiftOperator-frameworks-${CONFIGURATION}-output-files.xcfilelist",
			);
			runOnlyForDeploymentPostprocessing = 0;
			shellPath = /bin/sh;
			shellScript = "\"${PODS_ROOT}/Target Support Files/Pods-RxSwiftOperator/Pods-RxSwiftOperator-frameworks.sh\"\n";
			showEnvVarsInLog = 0;
		};
/* End PBXShellScriptBuildPhase section */

/* Begin PBXSourcesBuildPhase section */
		75ABB2F12949A02700EF4100 /* Sources */ = {
			isa = PBXSourcesBuildPhase;
			buildActionMask = 2147483647;
			files = (
				75E7BBC9295D410500212051 /* RepositoryViewModel.swift in Sources */,
				75FCEA71295BEE5500DA9F6E /* DatePickerViewController.swift in Sources */,
				75FCEA73295C0BA200DA9F6E /* Operators.swift in Sources */,
				75ABB2FD2949A02700EF4100 /* ViewController.swift in Sources */,
				75ABB2F92949A02700EF4100 /* AppDelegate.swift in Sources */,
				752680E7295E8F42007A25F2 /* RepositioryViewController.swift in Sources */,
				75E7BBC5295D3B5200212051 /* Provider.swift in Sources */,
				75ABB2FB2949A02700EF4100 /* SceneDelegate.swift in Sources */,
				752680E9295EB06B007A25F2 /* RepositorySevice.swift in Sources */,
				75E7BBC7295D3F7F00212051 /* Repositories.swift in Sources */,
			);
			runOnlyForDeploymentPostprocessing = 0;
		};
/* End PBXSourcesBuildPhase section */

/* Begin PBXVariantGroup section */
		75ABB2FE2949A02700EF4100 /* Main.storyboard */ = {
			isa = PBXVariantGroup;
			children = (
				75ABB2FF2949A02700EF4100 /* Base */,
			);
			name = Main.storyboard;
			sourceTree = "<group>";
		};
		75ABB3032949A02800EF4100 /* LaunchScreen.storyboard */ = {
			isa = PBXVariantGroup;
			children = (
				75ABB3042949A02800EF4100 /* Base */,
			);
			name = LaunchScreen.storyboard;
			sourceTree = "<group>";
		};
/* End PBXVariantGroup section */

/* Begin XCBuildConfiguration section */
		75ABB3072949A02800EF4100 /* Debug */ = {
			isa = XCBuildConfiguration;
			buildSettings = {
				ALWAYS_SEARCH_USER_PATHS = NO;
				CLANG_ANALYZER_NONNULL = YES;
				CLANG_ANALYZER_NUMBER_OBJECT_CONVERSION = YES_AGGRESSIVE;
				CLANG_CXX_LANGUAGE_STANDARD = "gnu++20";
				CLANG_ENABLE_MODULES = YES;
				CLANG_ENABLE_OBJC_ARC = YES;
				CLANG_ENABLE_OBJC_WEAK = YES;
				CLANG_WARN_BLOCK_CAPTURE_AUTORELEASING = YES;
				CLANG_WARN_BOOL_CONVERSION = YES;
				CLANG_WARN_COMMA = YES;
				CLANG_WARN_CONSTANT_CONVERSION = YES;
				CLANG_WARN_DEPRECATED_OBJC_IMPLEMENTATIONS = YES;
				CLANG_WARN_DIRECT_OBJC_ISA_USAGE = YES_ERROR;
				CLANG_WARN_DOCUMENTATION_COMMENTS = YES;
				CLANG_WARN_EMPTY_BODY = YES;
				CLANG_WARN_ENUM_CONVERSION = YES;
				CLANG_WARN_INFINITE_RECURSION = YES;
				CLANG_WARN_INT_CONVERSION = YES;
				CLANG_WARN_NON_LITERAL_NULL_CONVERSION = YES;
				CLANG_WARN_OBJC_IMPLICIT_RETAIN_SELF = YES;
				CLANG_WARN_OBJC_LITERAL_CONVERSION = YES;
				CLANG_WARN_OBJC_ROOT_CLASS = YES_ERROR;
				CLANG_WARN_QUOTED_INCLUDE_IN_FRAMEWORK_HEADER = YES;
				CLANG_WARN_RANGE_LOOP_ANALYSIS = YES;
				CLANG_WARN_STRICT_PROTOTYPES = YES;
				CLANG_WARN_SUSPICIOUS_MOVE = YES;
				CLANG_WARN_UNGUARDED_AVAILABILITY = YES_AGGRESSIVE;
				CLANG_WARN_UNREACHABLE_CODE = YES;
				CLANG_WARN__DUPLICATE_METHOD_MATCH = YES;
				COPY_PHASE_STRIP = NO;
				DEBUG_INFORMATION_FORMAT = dwarf;
				ENABLE_STRICT_OBJC_MSGSEND = YES;
				ENABLE_TESTABILITY = YES;
				GCC_C_LANGUAGE_STANDARD = gnu11;
				GCC_DYNAMIC_NO_PIC = NO;
				GCC_NO_COMMON_BLOCKS = YES;
				GCC_OPTIMIZATION_LEVEL = 0;
				GCC_PREPROCESSOR_DEFINITIONS = (
					"DEBUG=1",
					"$(inherited)",
				);
				GCC_WARN_64_TO_32_BIT_CONVERSION = YES;
				GCC_WARN_ABOUT_RETURN_TYPE = YES_ERROR;
				GCC_WARN_UNDECLARED_SELECTOR = YES;
				GCC_WARN_UNINITIALIZED_AUTOS = YES_AGGRESSIVE;
				GCC_WARN_UNUSED_FUNCTION = YES;
				GCC_WARN_UNUSED_VARIABLE = YES;
				IPHONEOS_DEPLOYMENT_TARGET = 16.1;
				MTL_ENABLE_DEBUG_INFO = INCLUDE_SOURCE;
				MTL_FAST_MATH = YES;
				ONLY_ACTIVE_ARCH = YES;
				SDKROOT = iphoneos;
				SWIFT_ACTIVE_COMPILATION_CONDITIONS = DEBUG;
				SWIFT_OPTIMIZATION_LEVEL = "-Onone";
			};
			name = Debug;
		};
		75ABB3082949A02800EF4100 /* Release */ = {
			isa = XCBuildConfiguration;
			buildSettings = {
				ALWAYS_SEARCH_USER_PATHS = NO;
				CLANG_ANALYZER_NONNULL = YES;
				CLANG_ANALYZER_NUMBER_OBJECT_CONVERSION = YES_AGGRESSIVE;
				CLANG_CXX_LANGUAGE_STANDARD = "gnu++20";
				CLANG_ENABLE_MODULES = YES;
				CLANG_ENABLE_OBJC_ARC = YES;
				CLANG_ENABLE_OBJC_WEAK = YES;
				CLANG_WARN_BLOCK_CAPTURE_AUTORELEASING = YES;
				CLANG_WARN_BOOL_CONVERSION = YES;
				CLANG_WARN_COMMA = YES;
				CLANG_WARN_CONSTANT_CONVERSION = YES;
				CLANG_WARN_DEPRECATED_OBJC_IMPLEMENTATIONS = YES;
				CLANG_WARN_DIRECT_OBJC_ISA_USAGE = YES_ERROR;
				CLANG_WARN_DOCUMENTATION_COMMENTS = YES;
				CLANG_WARN_EMPTY_BODY = YES;
				CLANG_WARN_ENUM_CONVERSION = YES;
				CLANG_WARN_INFINITE_RECURSION = YES;
				CLANG_WARN_INT_CONVERSION = YES;
				CLANG_WARN_NON_LITERAL_NULL_CONVERSION = YES;
				CLANG_WARN_OBJC_IMPLICIT_RETAIN_SELF = YES;
				CLANG_WARN_OBJC_LITERAL_CONVERSION = YES;
				CLANG_WARN_OBJC_ROOT_CLASS = YES_ERROR;
				CLANG_WARN_QUOTED_INCLUDE_IN_FRAMEWORK_HEADER = YES;
				CLANG_WARN_RANGE_LOOP_ANALYSIS = YES;
				CLANG_WARN_STRICT_PROTOTYPES = YES;
				CLANG_WARN_SUSPICIOUS_MOVE = YES;
				CLANG_WARN_UNGUARDED_AVAILABILITY = YES_AGGRESSIVE;
				CLANG_WARN_UNREACHABLE_CODE = YES;
				CLANG_WARN__DUPLICATE_METHOD_MATCH = YES;
				COPY_PHASE_STRIP = NO;
				DEBUG_INFORMATION_FORMAT = "dwarf-with-dsym";
				ENABLE_NS_ASSERTIONS = NO;
				ENABLE_STRICT_OBJC_MSGSEND = YES;
				GCC_C_LANGUAGE_STANDARD = gnu11;
				GCC_NO_COMMON_BLOCKS = YES;
				GCC_WARN_64_TO_32_BIT_CONVERSION = YES;
				GCC_WARN_ABOUT_RETURN_TYPE = YES_ERROR;
				GCC_WARN_UNDECLARED_SELECTOR = YES;
				GCC_WARN_UNINITIALIZED_AUTOS = YES_AGGRESSIVE;
				GCC_WARN_UNUSED_FUNCTION = YES;
				GCC_WARN_UNUSED_VARIABLE = YES;
				IPHONEOS_DEPLOYMENT_TARGET = 16.1;
				MTL_ENABLE_DEBUG_INFO = NO;
				MTL_FAST_MATH = YES;
				SDKROOT = iphoneos;
				SWIFT_COMPILATION_MODE = wholemodule;
				SWIFT_OPTIMIZATION_LEVEL = "-O";
				VALIDATE_PRODUCT = YES;
			};
			name = Release;
		};
		75ABB30A2949A02800EF4100 /* Debug */ = {
			isa = XCBuildConfiguration;
			baseConfigurationReference = 8F13F0BCA54726B49995144C /* Pods-RxSwiftOperator.debug.xcconfig */;
			buildSettings = {
				ASSETCATALOG_COMPILER_APPICON_NAME = AppIcon;
				ASSETCATALOG_COMPILER_GLOBAL_ACCENT_COLOR_NAME = AccentColor;
				CODE_SIGN_STYLE = Automatic;
				CURRENT_PROJECT_VERSION = 1;
				DEVELOPMENT_TEAM = 4UKBZQ5P63;
				GENERATE_INFOPLIST_FILE = YES;
				INFOPLIST_FILE = RxSwiftOperator/Info.plist;
				INFOPLIST_KEY_UIApplicationSupportsIndirectInputEvents = YES;
				INFOPLIST_KEY_UILaunchStoryboardName = LaunchScreen;
				INFOPLIST_KEY_UIMainStoryboardFile = Main;
				INFOPLIST_KEY_UISupportedInterfaceOrientations_iPad = "UIInterfaceOrientationPortrait UIInterfaceOrientationPortraitUpsideDown UIInterfaceOrientationLandscapeLeft UIInterfaceOrientationLandscapeRight";
				INFOPLIST_KEY_UISupportedInterfaceOrientations_iPhone = "UIInterfaceOrientationPortrait UIInterfaceOrientationLandscapeLeft UIInterfaceOrientationLandscapeRight";
				LD_RUNPATH_SEARCH_PATHS = (
					"$(inherited)",
					"@executable_path/Frameworks",
				);
				MARKETING_VERSION = 1.0;
				PRODUCT_BUNDLE_IDENTIFIER = com.yiju.RxSwiftOperator;
				PRODUCT_NAME = "$(TARGET_NAME)";
				SWIFT_EMIT_LOC_STRINGS = YES;
				SWIFT_VERSION = 5.0;
				TARGETED_DEVICE_FAMILY = "1,2";
			};
			name = Debug;
		};
		75ABB30B2949A02800EF4100 /* Release */ = {
			isa = XCBuildConfiguration;
			baseConfigurationReference = E61D21EC4A43B9D9B637E4C3 /* Pods-RxSwiftOperator.release.xcconfig */;
			buildSettings = {
				ASSETCATALOG_COMPILER_APPICON_NAME = AppIcon;
				ASSETCATALOG_COMPILER_GLOBAL_ACCENT_COLOR_NAME = AccentColor;
				CODE_SIGN_STYLE = Automatic;
				CURRENT_PROJECT_VERSION = 1;
				DEVELOPMENT_TEAM = 4UKBZQ5P63;
				GENERATE_INFOPLIST_FILE = YES;
				INFOPLIST_FILE = RxSwiftOperator/Info.plist;
				INFOPLIST_KEY_UIApplicationSupportsIndirectInputEvents = YES;
				INFOPLIST_KEY_UILaunchStoryboardName = LaunchScreen;
				INFOPLIST_KEY_UIMainStoryboardFile = Main;
				INFOPLIST_KEY_UISupportedInterfaceOrientations_iPad = "UIInterfaceOrientationPortrait UIInterfaceOrientationPortraitUpsideDown UIInterfaceOrientationLandscapeLeft UIInterfaceOrientationLandscapeRight";
				INFOPLIST_KEY_UISupportedInterfaceOrientations_iPhone = "UIInterfaceOrientationPortrait UIInterfaceOrientationLandscapeLeft UIInterfaceOrientationLandscapeRight";
				LD_RUNPATH_SEARCH_PATHS = (
					"$(inherited)",
					"@executable_path/Frameworks",
				);
				MARKETING_VERSION = 1.0;
				PRODUCT_BUNDLE_IDENTIFIER = com.yiju.RxSwiftOperator;
				PRODUCT_NAME = "$(TARGET_NAME)";
				SWIFT_EMIT_LOC_STRINGS = YES;
				SWIFT_VERSION = 5.0;
				TARGETED_DEVICE_FAMILY = "1,2";
			};
			name = Release;
		};
/* End XCBuildConfiguration section */

/* Begin XCConfigurationList section */
		75ABB2F02949A02700EF4100 /* Build configuration list for PBXProject "RxSwiftOperator" */ = {
			isa = XCConfigurationList;
			buildConfigurations = (
				75ABB3072949A02800EF4100 /* Debug */,
				75ABB3082949A02800EF4100 /* Release */,
			);
			defaultConfigurationIsVisible = 0;
			defaultConfigurationName = Release;
		};
		75ABB3092949A02800EF4100 /* Build configuration list for PBXNativeTarget "RxSwiftOperator" */ = {
			isa = XCConfigurationList;
			buildConfigurations = (
				75ABB30A2949A02800EF4100 /* Debug */,
				75ABB30B2949A02800EF4100 /* Release */,
			);
			defaultConfigurationIsVisible = 0;
			defaultConfigurationName = Release;
		};
/* End XCConfigurationList section */
	};
	rootObject = 75ABB2ED2949A02700EF4100 /* Project object */;
}
